
Microsoft Visual Studio Solution File, Format Version 12.00
# Visual Studio 15
VisualStudioVersion = 15.0.28010.2016
MinimumVisualStudioVersion = 10.0.40219.1
Project("{FAE04EC0-301F-11D3-BF4B-00C04F79EFBC}") = "lab1", "lab1\lab1.csproj", "{3F697170-15E1-4E66-8DAE-AC94EBEE56D8}"
EndProject
Project("{2150E333-8FDC-42A3-9474-1A3956D46DE8}") = "Solution Items", "Solution Items", "{B7C4F183-02B4-48FD-B7C8-F261143F54BD}"
	ProjectSection(SolutionItems) = preProject
		lab1\bin\Debug\test.txt = lab1\bin\Debug\test.txt
	EndProjectSection
EndProject
Global
	GlobalSection(SolutionConfigurationPlatforms) = preSolution
		Debug|Any CPU = Debug|Any CPU
		Release|Any CPU = Release|Any CPU
	EndGlobalSection
	GlobalSection(ProjectConfigurationPlatforms) = postSolution
		{3F697170-15E1-4E66-8DAE-AC94EBEE56D8}.Debug|Any CPU.ActiveCfg = Debug|Any CPU
		{3F697170-15E1-4E66-8DAE-AC94EBEE56D8}.Debug|Any CPU.Build.0 = Debug|Any CPU
		{3F697170-15E1-4E66-8DAE-AC94EBEE56D8}.Release|Any CPU.ActiveCfg = Release|Any CPU
		{3F697170-15E1-4E66-8DAE-AC94EBEE56D8}.Release|Any CPU.Build.0 = Release|Any CPU
	EndGlobalSection
	GlobalSection(SolutionProperties) = preSolution
		HideSolutionNode = FALSE
	EndGlobalSection
	GlobalSection(ExtensibilityGlobals) = postSolution
		SolutionGuid = {6BB706D1-C9FF-4BFA-92FB-6DB5FBC88137}
	EndGlobalSection
EndGlobal
